
Microsoft Visual Studio Solution File, Format Version 12.00
# Visual Studio Version 17
VisualStudioVersion = 17.8.34525.116
MinimumVisualStudioVersion = 10.0.40219.1
Project("{FAE04EC0-301F-11D3-BF4B-00C04F79EFBC}") = "LeerArchivo", "LeerArchivo\LeerArchivo.csproj", "{738E3A44-B2CD-4427-ACD7-50D1CC01B0FA}"
EndProject
Project("{FAE04EC0-301F-11D3-BF4B-00C04F79EFBC}") = "LecturaArchivoTest", "LecturaArchivoTest\LecturaArchivoTest.csproj", "{85A07044-6DC2-4812-940F-8B33B24E9691}"
EndProject
Global
	GlobalSection(SolutionConfigurationPlatforms) = preSolution
		Debug|Any CPU = Debug|Any CPU
		Release|Any CPU = Release|Any CPU
	EndGlobalSection
	GlobalSection(ProjectConfigurationPlatforms) = postSolution
		{738E3A44-B2CD-4427-ACD7-50D1CC01B0FA}.Debug|Any CPU.ActiveCfg = Debug|Any CPU
		{738E3A44-B2CD-4427-ACD7-50D1CC01B0FA}.Debug|Any CPU.Build.0 = Debug|Any CPU
		{738E3A44-B2CD-4427-ACD7-50D1CC01B0FA}.Release|Any CPU.ActiveCfg = Release|Any CPU
		{738E3A44-B2CD-4427-ACD7-50D1CC01B0FA}.Release|Any CPU.Build.0 = Release|Any CPU
		{85A07044-6DC2-4812-940F-8B33B24E9691}.Debug|Any CPU.ActiveCfg = Debug|Any CPU
		{85A07044-6DC2-4812-940F-8B33B24E9691}.Debug|Any CPU.Build.0 = Debug|Any CPU
		{85A07044-6DC2-4812-940F-8B33B24E9691}.Release|Any CPU.ActiveCfg = Release|Any CPU
		{85A07044-6DC2-4812-940F-8B33B24E9691}.Release|Any CPU.Build.0 = Release|Any CPU
	EndGlobalSection
	GlobalSection(SolutionProperties) = preSolution
		HideSolutionNode = FALSE
	EndGlobalSection
	GlobalSection(ExtensibilityGlobals) = postSolution
		SolutionGuid = {35BC5DA5-CBBB-47D9-9047-28271D7A8DD7}
	EndGlobalSection
EndGlobal
